{
  "name": "MealOrder-uer",
  "lockfileVersion": 2,
  "requires": true,
  "packages": {
    "": {
      "dependencies": {
        "e-commerce_price": "^1.0.3",
        "goeasy": "^2.1.11",
        "moment": "^2.29.4"
      }
    },
    "node_modules/e-commerce_price": {
      "version": "1.0.3",
      "resolved": "https://registry.npmjs.org/e-commerce_price/-/e-commerce_price-1.0.3.tgz",
      "integrity": "sha512-r6eTjoWyYrD1814h0tzPi5gFnB6Lsg+rWKJJUvJZZ9FxWM8nNDHd/xi446oGBippvUufZ45V2eHl42zvQYf8/w=="
    },
    "node_modules/goeasy": {
      "version": "2.1.11",
      "resolved": "https://registry.npmjs.org/goeasy/-/goeasy-2.1.11.tgz",
      "integrity": "sha512-RqGROdapl5O5EKV9lE8UQ9cXz1SDR/1MAQSyPjFpCtcT8GTwy8524dm7LQcIpxxa4btvMeKz/DTVrlz+0s2ddA=="
    },
    "node_modules/moment": {
      "version": "2.29.4",
      "resolved": "https://registry.npmjs.org/moment/-/moment-2.29.4.tgz",
      "integrity": "sha512-5LC9SOxjSc2HF6vO2CyuTDNivEdoz2IvyJJGj6X8DJ0eFyfszE0QiEd+iXmBvUP3WHxSjFH/vIsA0EN00cgr8w==",
      "engines": {
        "node": "*"
      }
    }
  },
  "dependencies": {
    "e-commerce_price": {
      "version": "1.0.3",
      "resolved": "https://registry.npmjs.org/e-commerce_price/-/e-commerce_price-1.0.3.tgz",
      "integrity": "sha512-r6eTjoWyYrD1814h0tzPi5gFnB6Lsg+rWKJJUvJZZ9FxWM8nNDHd/xi446oGBippvUufZ45V2eHl42zvQYf8/w=="
    },
    "goeasy": {
      "version": "2.1.11",
      "resolved": "https://registry.npmjs.org/goeasy/-/goeasy-2.1.11.tgz",
      "integrity": "sha512-RqGROdapl5O5EKV9lE8UQ9cXz1SDR/1MAQSyPjFpCtcT8GTwy8524dm7LQcIpxxa4btvMeKz/DTVrlz+0s2ddA=="
    },
    "moment": {
      "version": "2.29.4",
      "resolved": "https://registry.npmjs.org/moment/-/moment-2.29.4.tgz",
      "integrity": "sha512-5LC9SOxjSc2HF6vO2CyuTDNivEdoz2IvyJJGj6X8DJ0eFyfszE0QiEd+iXmBvUP3WHxSjFH/vIsA0EN00cgr8w=="
    }
  }
}
